{
  "name": "ghost-storage-github-jsdelivr",
  "version": "1.0.0",
  "lockfileVersion": 1,
  "requires": true,
  "dependencies": {
    "axios": {
      "version": "0.24.0",
      "resolved": "https://registry.npmmirror.com/axios/download/axios-0.24.0.tgz?cache=0&sync_timestamp=1635214996740&other_urls=https%3A%2F%2Fregistry.npmmirror.com%2Faxios%2Fdownload%2Faxios-0.24.0.tgz",
      "integrity": "sha1-gE5voeS5xSiFAd2d/1anoJQNINY=",
      "requires": {
        "follow-redirects": "^1.14.4"
      }
    },
    "charenc": {
      "version": "0.0.2",
      "resolved": "https://registry.npmmirror.com/charenc/download/charenc-0.0.2.tgz",
      "integrity": "sha1-wKHS86cJLgN3S/qD8UwPxXkKhmc="
    },
    "crypt": {
      "version": "0.0.2",
      "resolved": "https://registry.npmmirror.com/crypt/download/crypt-0.0.2.tgz",
      "integrity": "sha1-iNf/fsDfuG9xPch7u0LQRNPmxBs="
    },
    "follow-redirects": {
      "version": "1.14.5",
      "resolved": "https://registry.npmmirror.com/follow-redirects/download/follow-redirects-1.14.5.tgz",
      "integrity": "sha1-8JpYSJgdPHcrU5Iwl3hSP42Fw4E="
    },
    "ghost-storage-base": {
      "version": "1.0.0",
      "resolved": "https://registry.npmmirror.com/ghost-storage-base/download/ghost-storage-base-1.0.0.tgz",
      "integrity": "sha512-qIW6pny/wWKjrbRmXVNis9i7856AMR5/NZmnLTrKbA0KIEnA9K/fhkj7ISnSyTYfBv17sFsC23eJfvj6dDgZrQ==",
      "requires": {
        "moment": "2.27.0"
      }
    },
    "github-image-uploader": {
      "version": "1.1.3",
      "resolved": "https://registry.npmmirror.com/github-image-uploader/download/github-image-uploader-1.1.3.tgz?cache=0&sync_timestamp=1636643072517&other_urls=https%3A%2F%2Fregistry.npmmirror.com%2Fgithub-image-uploader%2Fdownload%2Fgithub-image-uploader-1.1.3.tgz",
      "integrity": "sha512-ejrVQpoyWzK0Jj/pzCwfbTMNL4B4AQ1Cu+ItmrRvL0zPW9JH+uC8+lGbsUbo34JeZCq8o2+EHHp1O0PhcPIRlQ==",
      "requires": {
        "axios": "^0.24.0",
        "md5": "^2.3.0",
        "tslib": "^2.2.0"
      }
    },
    "is-buffer": {
      "version": "1.1.6",
      "resolved": "https://registry.npmmirror.com/is-buffer/download/is-buffer-1.1.6.tgz",
      "integrity": "sha1-76ouqdqg16suoTqXsritUf776L4="
    },
    "md5": {
      "version": "2.3.0",
      "resolved": "https://registry.npmmirror.com/md5/download/md5-2.3.0.tgz",
      "integrity": "sha1-w9qaaq46MLRreww0m4exENw72k8=",
      "requires": {
        "charenc": "0.0.2",
        "crypt": "0.0.2",
        "is-buffer": "~1.1.6"
      }
    },
    "moment": {
      "version": "2.27.0",
      "resolved": "https://registry.npmmirror.com/moment/download/moment-2.27.0.tgz",
      "integrity": "sha1-i/9OPiaiNiIN/j423nVrbrqgEF0="
    },
    "tslib": {
      "version": "2.3.1",
      "resolved": "https://registry.npmmirror.com/tslib/download/tslib-2.3.1.tgz",
      "integrity": "sha1-6KM1rdXOrlGqJh0ypJAVjvBC7wE="
    }
  }
}
